
Microsoft Visual Studio Solution File, Format Version 12.00
# Visual Studio 2012
Project("{FAE04EC0-301F-11D3-BF4B-00C04F79EFBC}") = "LineCountKata", "LineCountKata\LineCountKata.csproj", "{CDE5226F-A716-4C66-8FAA-AA3FD29274E4}"
EndProject
Project("{FAE04EC0-301F-11D3-BF4B-00C04F79EFBC}") = "LineCountKata.UnitTests", "LineCountKata.UnitTests\LineCountKata.UnitTests.csproj", "{69722F6A-646E-4F1A-A32B-353671BD091F}"
EndProject
Global
	GlobalSection(SolutionConfigurationPlatforms) = preSolution
		Debug|Any CPU = Debug|Any CPU
		Release|Any CPU = Release|Any CPU
	EndGlobalSection
	GlobalSection(ProjectConfigurationPlatforms) = postSolution
		{CDE5226F-A716-4C66-8FAA-AA3FD29274E4}.Debug|Any CPU.ActiveCfg = Debug|Any CPU
		{CDE5226F-A716-4C66-8FAA-AA3FD29274E4}.Debug|Any CPU.Build.0 = Debug|Any CPU
		{CDE5226F-A716-4C66-8FAA-AA3FD29274E4}.Release|Any CPU.ActiveCfg = Release|Any CPU
		{CDE5226F-A716-4C66-8FAA-AA3FD29274E4}.Release|Any CPU.Build.0 = Release|Any CPU
		{69722F6A-646E-4F1A-A32B-353671BD091F}.Debug|Any CPU.ActiveCfg = Debug|Any CPU
		{69722F6A-646E-4F1A-A32B-353671BD091F}.Debug|Any CPU.Build.0 = Debug|Any CPU
		{69722F6A-646E-4F1A-A32B-353671BD091F}.Release|Any CPU.ActiveCfg = Release|Any CPU
		{69722F6A-646E-4F1A-A32B-353671BD091F}.Release|Any CPU.Build.0 = Release|Any CPU
	EndGlobalSection
	GlobalSection(SolutionProperties) = preSolution
		HideSolutionNode = FALSE
	EndGlobalSection
EndGlobal
